// !$*UTF8*$!
{
	archiveVersion = 1;
	classes = {
	};
	objectVersion = 51;
	objects = {

/* Begin PBXBuildFile section */
		02A76600903224B2344F144E /* Pods_RubyConvertApp_RubyConvertAppUITests.framework in Frameworks */ = {isa = PBXBuildFile; fileRef = B4FC073974A7E74DE36591EC /* Pods_RubyConvertApp_RubyConvertAppUITests.framework */; };
		124E0A96A7782C23057D9CE2 /* Pods_RubyConvertApp.framework in Frameworks */ = {isa = PBXBuildFile; fileRef = 557BFE2B681A970CA4886790 /* Pods_RubyConvertApp.framework */; };
		52FDD0910B112ABF549FC886 /* Pods_RubyConvertAppTests.framework in Frameworks */ = {isa = PBXBuildFile; fileRef = 2388D7CA5B80CD16626B6AB4 /* Pods_RubyConvertAppTests.framework */; };
		E2319F4F23FC769700EAE7C7 /* AppDelegate.swift in Sources */ = {isa = PBXBuildFile; fileRef = E2319F4E23FC769700EAE7C7 /* AppDelegate.swift */; };
		E2319F5123FC769700EAE7C7 /* SceneDelegate.swift in Sources */ = {isa = PBXBuildFile; fileRef = E2319F5023FC769700EAE7C7 /* SceneDelegate.swift */; };
		E2319F5823FC769A00EAE7C7 /* Assets.xcassets in Resources */ = {isa = PBXBuildFile; fileRef = E2319F5723FC769A00EAE7C7 /* Assets.xcassets */; };
		E2319F5B23FC769A00EAE7C7 /* LaunchScreen.storyboard in Resources */ = {isa = PBXBuildFile; fileRef = E2319F5923FC769A00EAE7C7 /* LaunchScreen.storyboard */; };
		E2319F6623FC769A00EAE7C7 /* RubyConvertAppTests.swift in Sources */ = {isa = PBXBuildFile; fileRef = E2319F6523FC769A00EAE7C7 /* RubyConvertAppTests.swift */; };
		E2319F7123FC769B00EAE7C7 /* RubyConvertAppUITests.swift in Sources */ = {isa = PBXBuildFile; fileRef = E2319F7023FC769B00EAE7C7 /* RubyConvertAppUITests.swift */; };
		E2319F8823FC875F00EAE7C7 /* Constants.swift in Sources */ = {isa = PBXBuildFile; fileRef = E2319F8723FC875F00EAE7C7 /* Constants.swift */; };
		E2319F9D23FEE37500EAE7C7 /* GooAPI.swift in Sources */ = {isa = PBXBuildFile; fileRef = E2319F9C23FEE37500EAE7C7 /* GooAPI.swift */; };
		E2319F9F23FEE46C00EAE7C7 /* RubyConvertController.storyboard in Resources */ = {isa = PBXBuildFile; fileRef = E2319F9E23FEE46C00EAE7C7 /* RubyConvertController.storyboard */; };
		E2319FA123FEE48E00EAE7C7 /* RubyConvertController.swift in Sources */ = {isa = PBXBuildFile; fileRef = E2319FA023FEE48E00EAE7C7 /* RubyConvertController.swift */; };
		E2319FA323FEE4D400EAE7C7 /* RubyConvertViewModel.swift in Sources */ = {isa = PBXBuildFile; fileRef = E2319FA223FEE4D400EAE7C7 /* RubyConvertViewModel.swift */; };
		E2319FA623FEEA0500EAE7C7 /* GooAPIService.swift in Sources */ = {isa = PBXBuildFile; fileRef = E2319FA523FEEA0500EAE7C7 /* GooAPIService.swift */; };
		E2319FAA23FEEC3600EAE7C7 /* RubyConvertView.swift in Sources */ = {isa = PBXBuildFile; fileRef = E2319FA923FEEC3600EAE7C7 /* RubyConvertView.swift */; };
		E2319FAC2401958500EAE7C7 /* ConvertedResult.swift in Sources */ = {isa = PBXBuildFile; fileRef = E2319FAB2401958500EAE7C7 /* ConvertedResult.swift */; };
/* End PBXBuildFile section */

/* Begin PBXContainerItemProxy section */
		E2319F6223FC769A00EAE7C7 /* PBXContainerItemProxy */ = {
			isa = PBXContainerItemProxy;
			containerPortal = E2319F4323FC769700EAE7C7 /* Project object */;
			proxyType = 1;
			remoteGlobalIDString = E2319F4A23FC769700EAE7C7;
			remoteInfo = RubyConvertApp;
		};
		E2319F6D23FC769B00EAE7C7 /* PBXContainerItemProxy */ = {
			isa = PBXContainerItemProxy;
			containerPortal = E2319F4323FC769700EAE7C7 /* Project object */;
			proxyType = 1;
			remoteGlobalIDString = E2319F4A23FC769700EAE7C7;
			remoteInfo = RubyConvertApp;
		};
/* End PBXContainerItemProxy section */

/* Begin PBXFileReference section */
		1915189654AACE2FF3B7681C /* Pods-RubyConvertApp-RubyConvertAppUITests.release.xcconfig */ = {isa = PBXFileReference; includeInIndex = 1; lastKnownFileType = text.xcconfig; name = "Pods-RubyConvertApp-RubyConvertAppUITests.release.xcconfig"; path = "Target Support Files/Pods-RubyConvertApp-RubyConvertAppUITests/Pods-RubyConvertApp-RubyConvertAppUITests.release.xcconfig"; sourceTree = "<group>"; };
		19E8772DB740E6919DEB56AA /* Pods-RubyConvertApp-RubyConvertAppUITests.debug.xcconfig */ = {isa = PBXFileReference; includeInIndex = 1; lastKnownFileType = text.xcconfig; name = "Pods-RubyConvertApp-RubyConvertAppUITests.debug.xcconfig"; path = "Target Support Files/Pods-RubyConvertApp-RubyConvertAppUITests/Pods-RubyConvertApp-RubyConvertAppUITests.debug.xcconfig"; sourceTree = "<group>"; };
		2388D7CA5B80CD16626B6AB4 /* Pods_RubyConvertAppTests.framework */ = {isa = PBXFileReference; explicitFileType = wrapper.framework; includeInIndex = 0; path = Pods_RubyConvertAppTests.framework; sourceTree = BUILT_PRODUCTS_DIR; };
		557BFE2B681A970CA4886790 /* Pods_RubyConvertApp.framework */ = {isa = PBXFileReference; explicitFileType = wrapper.framework; includeInIndex = 0; path = Pods_RubyConvertApp.framework; sourceTree = BUILT_PRODUCTS_DIR; };
		5F6F977E40A139856737FC3D /* Pods-RubyConvertAppTests.debug.xcconfig */ = {isa = PBXFileReference; includeInIndex = 1; lastKnownFileType = text.xcconfig; name = "Pods-RubyConvertAppTests.debug.xcconfig"; path = "Target Support Files/Pods-RubyConvertAppTests/Pods-RubyConvertAppTests.debug.xcconfig"; sourceTree = "<group>"; };
		7B5BA326014803D1B0621619 /* Pods-RubyConvertAppTests.release.xcconfig */ = {isa = PBXFileReference; includeInIndex = 1; lastKnownFileType = text.xcconfig; name = "Pods-RubyConvertAppTests.release.xcconfig"; path = "Target Support Files/Pods-RubyConvertAppTests/Pods-RubyConvertAppTests.release.xcconfig"; sourceTree = "<group>"; };
		B4FC073974A7E74DE36591EC /* Pods_RubyConvertApp_RubyConvertAppUITests.framework */ = {isa = PBXFileReference; explicitFileType = wrapper.framework; includeInIndex = 0; path = Pods_RubyConvertApp_RubyConvertAppUITests.framework; sourceTree = BUILT_PRODUCTS_DIR; };
		D731EBAA80B0D0696F112EDD /* Pods-RubyConvertApp.release.xcconfig */ = {isa = PBXFileReference; includeInIndex = 1; lastKnownFileType = text.xcconfig; name = "Pods-RubyConvertApp.release.xcconfig"; path = "Target Support Files/Pods-RubyConvertApp/Pods-RubyConvertApp.release.xcconfig"; sourceTree = "<group>"; };
		E2319F4B23FC769700EAE7C7 /* RubyConvertApp.app */ = {isa = PBXFileReference; explicitFileType = wrapper.application; includeInIndex = 0; path = RubyConvertApp.app; sourceTree = BUILT_PRODUCTS_DIR; };
		E2319F4E23FC769700EAE7C7 /* AppDelegate.swift */ = {isa = PBXFileReference; lastKnownFileType = sourcecode.swift; path = AppDelegate.swift; sourceTree = "<group>"; };
		E2319F5023FC769700EAE7C7 /* SceneDelegate.swift */ = {isa = PBXFileReference; lastKnownFileType = sourcecode.swift; path = SceneDelegate.swift; sourceTree = "<group>"; };
		E2319F5723FC769A00EAE7C7 /* Assets.xcassets */ = {isa = PBXFileReference; lastKnownFileType = folder.assetcatalog; path = Assets.xcassets; sourceTree = "<group>"; };
		E2319F5A23FC769A00EAE7C7 /* Base */ = {isa = PBXFileReference; lastKnownFileType = file.storyboard; name = Base; path = Base.lproj/LaunchScreen.storyboard; sourceTree = "<group>"; };
		E2319F5C23FC769A00EAE7C7 /* Info.plist */ = {isa = PBXFileReference; lastKnownFileType = text.plist.xml; path = Info.plist; sourceTree = "<group>"; };
		E2319F6123FC769A00EAE7C7 /* RubyConvertAppTests.xctest */ = {isa = PBXFileReference; explicitFileType = wrapper.cfbundle; includeInIndex = 0; path = RubyConvertAppTests.xctest; sourceTree = BUILT_PRODUCTS_DIR; };
		E2319F6523FC769A00EAE7C7 /* RubyConvertAppTests.swift */ = {isa = PBXFileReference; lastKnownFileType = sourcecode.swift; path = RubyConvertAppTests.swift; sourceTree = "<group>"; };
		E2319F6723FC769B00EAE7C7 /* Info.plist */ = {isa = PBXFileReference; lastKnownFileType = text.plist.xml; path = Info.plist; sourceTree = "<group>"; };
		E2319F6C23FC769B00EAE7C7 /* RubyConvertAppUITests.xctest */ = {isa = PBXFileReference; explicitFileType = wrapper.cfbundle; includeInIndex = 0; path = RubyConvertAppUITests.xctest; sourceTree = BUILT_PRODUCTS_DIR; };
		E2319F7023FC769B00EAE7C7 /* RubyConvertAppUITests.swift */ = {isa = PBXFileReference; lastKnownFileType = sourcecode.swift; path = RubyConvertAppUITests.swift; sourceTree = "<group>"; };
		E2319F7223FC769B00EAE7C7 /* Info.plist */ = {isa = PBXFileReference; lastKnownFileType = text.plist.xml; path = Info.plist; sourceTree = "<group>"; };
		E2319F8723FC875F00EAE7C7 /* Constants.swift */ = {isa = PBXFileReference; lastKnownFileType = sourcecode.swift; path = Constants.swift; sourceTree = "<group>"; };
		E2319F9C23FEE37500EAE7C7 /* GooAPI.swift */ = {isa = PBXFileReference; lastKnownFileType = sourcecode.swift; path = GooAPI.swift; sourceTree = "<group>"; };
		E2319F9E23FEE46C00EAE7C7 /* RubyConvertController.storyboard */ = {isa = PBXFileReference; lastKnownFileType = file.storyboard; path = RubyConvertController.storyboard; sourceTree = "<group>"; };
		E2319FA023FEE48E00EAE7C7 /* RubyConvertController.swift */ = {isa = PBXFileReference; lastKnownFileType = sourcecode.swift; path = RubyConvertController.swift; sourceTree = "<group>"; };
		E2319FA223FEE4D400EAE7C7 /* RubyConvertViewModel.swift */ = {isa = PBXFileReference; lastKnownFileType = sourcecode.swift; path = RubyConvertViewModel.swift; sourceTree = "<group>"; };
		E2319FA523FEEA0500EAE7C7 /* GooAPIService.swift */ = {isa = PBXFileReference; lastKnownFileType = sourcecode.swift; path = GooAPIService.swift; sourceTree = "<group>"; };
		E2319FA923FEEC3600EAE7C7 /* RubyConvertView.swift */ = {isa = PBXFileReference; lastKnownFileType = sourcecode.swift; path = RubyConvertView.swift; sourceTree = "<group>"; };
		E2319FAB2401958500EAE7C7 /* ConvertedResult.swift */ = {isa = PBXFileReference; lastKnownFileType = sourcecode.swift; path = ConvertedResult.swift; sourceTree = "<group>"; };
		E56BDADAFE9E958A0F4AA11C /* Pods-RubyConvertApp.debug.xcconfig */ = {isa = PBXFileReference; includeInIndex = 1; lastKnownFileType = text.xcconfig; name = "Pods-RubyConvertApp.debug.xcconfig"; path = "Target Support Files/Pods-RubyConvertApp/Pods-RubyConvertApp.debug.xcconfig"; sourceTree = "<group>"; };
/* End PBXFileReference section */

/* Begin PBXFrameworksBuildPhase section */
		E2319F4823FC769700EAE7C7 /* Frameworks */ = {
			isa = PBXFrameworksBuildPhase;
			buildActionMask = 2147483647;
			files = (
				124E0A96A7782C23057D9CE2 /* Pods_RubyConvertApp.framework in Frameworks */,
			);
			runOnlyForDeploymentPostprocessing = 0;
		};
		E2319F5E23FC769A00EAE7C7 /* Frameworks */ = {
			isa = PBXFrameworksBuildPhase;
			buildActionMask = 2147483647;
			files = (
				52FDD0910B112ABF549FC886 /* Pods_RubyConvertAppTests.framework in Frameworks */,
			);
			runOnlyForDeploymentPostprocessing = 0;
		};
		E2319F6923FC769B00EAE7C7 /* Frameworks */ = {
			isa = PBXFrameworksBuildPhase;
			buildActionMask = 2147483647;
			files = (
				02A76600903224B2344F144E /* Pods_RubyConvertApp_RubyConvertAppUITests.framework in Frameworks */,
			);
			runOnlyForDeploymentPostprocessing = 0;
		};
/* End PBXFrameworksBuildPhase section */

/* Begin PBXGroup section */
		742D5D555BE52DAE2E2CE084 /* Pods */ = {
			isa = PBXGroup;
			children = (
				E56BDADAFE9E958A0F4AA11C /* Pods-RubyConvertApp.debug.xcconfig */,
				D731EBAA80B0D0696F112EDD /* Pods-RubyConvertApp.release.xcconfig */,
				19E8772DB740E6919DEB56AA /* Pods-RubyConvertApp-RubyConvertAppUITests.debug.xcconfig */,
				1915189654AACE2FF3B7681C /* Pods-RubyConvertApp-RubyConvertAppUITests.release.xcconfig */,
				5F6F977E40A139856737FC3D /* Pods-RubyConvertAppTests.debug.xcconfig */,
				7B5BA326014803D1B0621619 /* Pods-RubyConvertAppTests.release.xcconfig */,
			);
			path = Pods;
			sourceTree = "<group>";
		};
		9E2448B7CC235276EC65031F /* Frameworks */ = {
			isa = PBXGroup;
			children = (
				557BFE2B681A970CA4886790 /* Pods_RubyConvertApp.framework */,
				B4FC073974A7E74DE36591EC /* Pods_RubyConvertApp_RubyConvertAppUITests.framework */,
				2388D7CA5B80CD16626B6AB4 /* Pods_RubyConvertAppTests.framework */,
			);
			name = Frameworks;
			sourceTree = "<group>";
		};
		E2319F4223FC769700EAE7C7 = {
			isa = PBXGroup;
			children = (
				E2319F4D23FC769700EAE7C7 /* RubyConvertApp */,
				E2319F6423FC769A00EAE7C7 /* RubyConvertAppTests */,
				E2319F6F23FC769B00EAE7C7 /* RubyConvertAppUITests */,
				E2319F4C23FC769700EAE7C7 /* Products */,
				742D5D555BE52DAE2E2CE084 /* Pods */,
				9E2448B7CC235276EC65031F /* Frameworks */,
			);
			sourceTree = "<group>";
		};
		E2319F4C23FC769700EAE7C7 /* Products */ = {
			isa = PBXGroup;
			children = (
				E2319F4B23FC769700EAE7C7 /* RubyConvertApp.app */,
				E2319F6123FC769A00EAE7C7 /* RubyConvertAppTests.xctest */,
				E2319F6C23FC769B00EAE7C7 /* RubyConvertAppUITests.xctest */,
			);
			name = Products;
			sourceTree = "<group>";
		};
		E2319F4D23FC769700EAE7C7 /* RubyConvertApp */ = {
			isa = PBXGroup;
			children = (
				E2319FA823FEEC2600EAE7C7 /* Views */,
				E2319F9B23FEE33700EAE7C7 /* Models */,
				E2319F9A23FEE33000EAE7C7 /* ViewModels */,
				E2319F8423FC870700EAE7C7 /* Controllers */,
				E2319FA423FEE51600EAE7C7 /* Extensions */,
				E2319F8223FC86CB00EAE7C7 /* Constants */,
				E2319F4E23FC769700EAE7C7 /* AppDelegate.swift */,
				E2319F5023FC769700EAE7C7 /* SceneDelegate.swift */,
				E2319F5723FC769A00EAE7C7 /* Assets.xcassets */,
				E2319F5923FC769A00EAE7C7 /* LaunchScreen.storyboard */,
				E2319F5C23FC769A00EAE7C7 /* Info.plist */,
			);
			path = RubyConvertApp;
			sourceTree = "<group>";
		};
		E2319F6423FC769A00EAE7C7 /* RubyConvertAppTests */ = {
			isa = PBXGroup;
			children = (
				E2319F6523FC769A00EAE7C7 /* RubyConvertAppTests.swift */,
				E2319F6723FC769B00EAE7C7 /* Info.plist */,
			);
			path = RubyConvertAppTests;
			sourceTree = "<group>";
		};
		E2319F6F23FC769B00EAE7C7 /* RubyConvertAppUITests */ = {
			isa = PBXGroup;
			children = (
				E2319F7023FC769B00EAE7C7 /* RubyConvertAppUITests.swift */,
				E2319F7223FC769B00EAE7C7 /* Info.plist */,
			);
			path = RubyConvertAppUITests;
			sourceTree = "<group>";
		};
		E2319F8223FC86CB00EAE7C7 /* Constants */ = {
			isa = PBXGroup;
			children = (
				E2319F8723FC875F00EAE7C7 /* Constants.swift */,
			);
			path = Constants;
			sourceTree = "<group>";
		};
		E2319F8423FC870700EAE7C7 /* Controllers */ = {
			isa = PBXGroup;
			children = (
				E2319F8923FC880100EAE7C7 /* RubyConvert */,
			);
			path = Controllers;
			sourceTree = "<group>";
		};
		E2319F8923FC880100EAE7C7 /* RubyConvert */ = {
			isa = PBXGroup;
			children = (
				E2319F8B23FC883A00EAE7C7 /* Storyboard */,
				E2319F8A23FC881800EAE7C7 /* Source */,
			);
			path = RubyConvert;
			sourceTree = "<group>";
		};
		E2319F8A23FC881800EAE7C7 /* Source */ = {
			isa = PBXGroup;
			children = (
				E2319FA023FEE48E00EAE7C7 /* RubyConvertController.swift */,
			);
			name = Source;
			path = ../../Source;
			sourceTree = "<group>";
		};
		E2319F8B23FC883A00EAE7C7 /* Storyboard */ = {
			isa = PBXGroup;
			children = (
				E2319F9E23FEE46C00EAE7C7 /* RubyConvertController.storyboard */,
			);
			path = Storyboard;
			sourceTree = "<group>";
		};
		E2319F9A23FEE33000EAE7C7 /* ViewModels */ = {
			isa = PBXGroup;
			children = (
				E2319FA223FEE4D400EAE7C7 /* RubyConvertViewModel.swift */,
			);
			path = ViewModels;
			sourceTree = "<group>";
		};
		E2319F9B23FEE33700EAE7C7 /* Models */ = {
			isa = PBXGroup;
			children = (
				E2319FA723FEEBF300EAE7C7 /* API */,
				E2319FA523FEEA0500EAE7C7 /* GooAPIService.swift */,
			);
			path = Models;
			sourceTree = "<group>";
		};
		E2319FA423FEE51600EAE7C7 /* Extensions */ = {
			isa = PBXGroup;
			children = (
			);
			path = Extensions;
			sourceTree = "<group>";
		};
		E2319FA723FEEBF300EAE7C7 /* API */ = {
			isa = PBXGroup;
			children = (
				E2319F9C23FEE37500EAE7C7 /* GooAPI.swift */,
				E2319FAB2401958500EAE7C7 /* ConvertedResult.swift */,
			);
			path = API;
			sourceTree = "<group>";
		};
		E2319FA823FEEC2600EAE7C7 /* Views */ = {
			isa = PBXGroup;
			children = (
				E2319FA923FEEC3600EAE7C7 /* RubyConvertView.swift */,
			);
			path = Views;
			sourceTree = "<group>";
		};
/* End PBXGroup section */

/* Begin PBXNativeTarget section */
		E2319F4A23FC769700EAE7C7 /* RubyConvertApp */ = {
			isa = PBXNativeTarget;
			buildConfigurationList = E2319F7523FC769B00EAE7C7 /* Build configuration list for PBXNativeTarget "RubyConvertApp" */;
			buildPhases = (
				2F53FACD625B607582321DDD /* [CP] Check Pods Manifest.lock */,
				E2319F4723FC769700EAE7C7 /* Sources */,
				E2319F4823FC769700EAE7C7 /* Frameworks */,
				E2319F4923FC769700EAE7C7 /* Resources */,
				BCCC61F697B7E73DD188B1D8 /* [CP] Embed Pods Frameworks */,
			);
			buildRules = (
			);
			dependencies = (
			);
			name = RubyConvertApp;
			productName = RubyConvertApp;
			productReference = E2319F4B23FC769700EAE7C7 /* RubyConvertApp.app */;
			productType = "com.apple.product-type.application";
		};
		E2319F6023FC769A00EAE7C7 /* RubyConvertAppTests */ = {
			isa = PBXNativeTarget;
			buildConfigurationList = E2319F7823FC769B00EAE7C7 /* Build configuration list for PBXNativeTarget "RubyConvertAppTests" */;
			buildPhases = (
				6C3C8CBD079D97F0D2BC572A /* [CP] Check Pods Manifest.lock */,
				E2319F5D23FC769A00EAE7C7 /* Sources */,
				E2319F5E23FC769A00EAE7C7 /* Frameworks */,
				E2319F5F23FC769A00EAE7C7 /* Resources */,
			);
			buildRules = (
			);
			dependencies = (
				E2319F6323FC769A00EAE7C7 /* PBXTargetDependency */,
			);
			name = RubyConvertAppTests;
			productName = RubyConvertAppTests;
			productReference = E2319F6123FC769A00EAE7C7 /* RubyConvertAppTests.xctest */;
			productType = "com.apple.product-type.bundle.unit-test";
		};
		E2319F6B23FC769B00EAE7C7 /* RubyConvertAppUITests */ = {
			isa = PBXNativeTarget;
			buildConfigurationList = E2319F7B23FC769B00EAE7C7 /* Build configuration list for PBXNativeTarget "RubyConvertAppUITests" */;
			buildPhases = (
				2369416B31C7E1B140471EB2 /* [CP] Check Pods Manifest.lock */,
				E2319F6823FC769B00EAE7C7 /* Sources */,
				E2319F6923FC769B00EAE7C7 /* Frameworks */,
				E2319F6A23FC769B00EAE7C7 /* Resources */,
				821C419F380B9A8F6B9433AE /* [CP] Embed Pods Frameworks */,
			);
			buildRules = (
			);
			dependencies = (
				E2319F6E23FC769B00EAE7C7 /* PBXTargetDependency */,
			);
			name = RubyConvertAppUITests;
			productName = RubyConvertAppUITests;
			productReference = E2319F6C23FC769B00EAE7C7 /* RubyConvertAppUITests.xctest */;
			productType = "com.apple.product-type.bundle.ui-testing";
		};
/* End PBXNativeTarget section */

/* Begin PBXProject section */
		E2319F4323FC769700EAE7C7 /* Project object */ = {
			isa = PBXProject;
			attributes = {
				LastSwiftUpdateCheck = 1130;
				LastUpgradeCheck = 1130;
				ORGANIZATIONNAME = muta;
				TargetAttributes = {
					E2319F4A23FC769700EAE7C7 = {
						CreatedOnToolsVersion = 11.3.1;
					};
					E2319F6023FC769A00EAE7C7 = {
						CreatedOnToolsVersion = 11.3.1;
						TestTargetID = E2319F4A23FC769700EAE7C7;
					};
					E2319F6B23FC769B00EAE7C7 = {
						CreatedOnToolsVersion = 11.3.1;
						TestTargetID = E2319F4A23FC769700EAE7C7;
					};
				};
			};
			buildConfigurationList = E2319F4623FC769700EAE7C7 /* Build configuration list for PBXProject "RubyConvertApp" */;
			compatibilityVersion = "Xcode 9.3";
			developmentRegion = en;
			hasScannedForEncodings = 0;
			knownRegions = (
				en,
				Base,
			);
			mainGroup = E2319F4223FC769700EAE7C7;
			productRefGroup = E2319F4C23FC769700EAE7C7 /* Products */;
			projectDirPath = "";
			projectRoot = "";
			targets = (
				E2319F4A23FC769700EAE7C7 /* RubyConvertApp */,
				E2319F6023FC769A00EAE7C7 /* RubyConvertAppTests */,
				E2319F6B23FC769B00EAE7C7 /* RubyConvertAppUITests */,
			);
		};
/* End PBXProject section */

/* Begin PBXResourcesBuildPhase section */
		E2319F4923FC769700EAE7C7 /* Resources */ = {
			isa = PBXResourcesBuildPhase;
			buildActionMask = 2147483647;
			files = (
				E2319F9F23FEE46C00EAE7C7 /* RubyConvertController.storyboard in Resources */,
				E2319F5B23FC769A00EAE7C7 /* LaunchScreen.storyboard in Resources */,
				E2319F5823FC769A00EAE7C7 /* Assets.xcassets in Resources */,
			);
			runOnlyForDeploymentPostprocessing = 0;
		};
		E2319F5F23FC769A00EAE7C7 /* Resources */ = {
			isa = PBXResourcesBuildPhase;
			buildActionMask = 2147483647;
			files = (
			);
			runOnlyForDeploymentPostprocessing = 0;
		};
		E2319F6A23FC769B00EAE7C7 /* Resources */ = {
			isa = PBXResourcesBuildPhase;
			buildActionMask = 2147483647;
			files = (
			);
			runOnlyForDeploymentPostprocessing = 0;
		};
/* End PBXResourcesBuildPhase section */

/* Begin PBXShellScriptBuildPhase section */
		2369416B31C7E1B140471EB2 /* [CP] Check Pods Manifest.lock */ = {
			isa = PBXShellScriptBuildPhase;
			buildActionMask = 2147483647;
			files = (
			);
			inputFileListPaths = (
			);
			inputPaths = (
				"${PODS_PODFILE_DIR_PATH}/Podfile.lock",
				"${PODS_ROOT}/Manifest.lock",
			);
			name = "[CP] Check Pods Manifest.lock";
			outputFileListPaths = (
			);
			outputPaths = (
				"$(DERIVED_FILE_DIR)/Pods-RubyConvertApp-RubyConvertAppUITests-checkManifestLockResult.txt",
			);
			runOnlyForDeploymentPostprocessing = 0;
			shellPath = /bin/sh;
			shellScript = "diff \"${PODS_PODFILE_DIR_PATH}/Podfile.lock\" \"${PODS_ROOT}/Manifest.lock\" > /dev/null\nif [ $? != 0 ] ; then\n    # print error to STDERR\n    echo \"error: The sandbox is not in sync with the Podfile.lock. Run 'pod install' or update your CocoaPods installation.\" >&2\n    exit 1\nfi\n# This output is used by Xcode 'outputs' to avoid re-running this script phase.\necho \"SUCCESS\" > \"${SCRIPT_OUTPUT_FILE_0}\"\n";
			showEnvVarsInLog = 0;
		};
		2F53FACD625B607582321DDD /* [CP] Check Pods Manifest.lock */ = {
			isa = PBXShellScriptBuildPhase;
			buildActionMask = 2147483647;
			files = (
			);
			inputFileListPaths = (
			);
			inputPaths = (
				"${PODS_PODFILE_DIR_PATH}/Podfile.lock",
				"${PODS_ROOT}/Manifest.lock",
			);
			name = "[CP] Check Pods Manifest.lock";
			outputFileListPaths = (
			);
			outputPaths = (
				"$(DERIVED_FILE_DIR)/Pods-RubyConvertApp-checkManifestLockResult.txt",
			);
			runOnlyForDeploymentPostprocessing = 0;
			shellPath = /bin/sh;
			shellScript = "diff \"${PODS_PODFILE_DIR_PATH}/Podfile.lock\" \"${PODS_ROOT}/Manifest.lock\" > /dev/null\nif [ $? != 0 ] ; then\n    # print error to STDERR\n    echo \"error: The sandbox is not in sync with the Podfile.lock. Run 'pod install' or update your CocoaPods installation.\" >&2\n    exit 1\nfi\n# This output is used by Xcode 'outputs' to avoid re-running this script phase.\necho \"SUCCESS\" > \"${SCRIPT_OUTPUT_FILE_0}\"\n";
			showEnvVarsInLog = 0;
		};
		6C3C8CBD079D97F0D2BC572A /* [CP] Check Pods Manifest.lock */ = {
			isa = PBXShellScriptBuildPhase;
			buildActionMask = 2147483647;
			files = (
			);
			inputFileListPaths = (
			);
			inputPaths = (
				"${PODS_PODFILE_DIR_PATH}/Podfile.lock",
				"${PODS_ROOT}/Manifest.lock",
			);
			name = "[CP] Check Pods Manifest.lock";
			outputFileListPaths = (
			);
			outputPaths = (
				"$(DERIVED_FILE_DIR)/Pods-RubyConvertAppTests-checkManifestLockResult.txt",
			);
			runOnlyForDeploymentPostprocessing = 0;
			shellPath = /bin/sh;
			shellScript = "diff \"${PODS_PODFILE_DIR_PATH}/Podfile.lock\" \"${PODS_ROOT}/Manifest.lock\" > /dev/null\nif [ $? != 0 ] ; then\n    # print error to STDERR\n    echo \"error: The sandbox is not in sync with the Podfile.lock. Run 'pod install' or update your CocoaPods installation.\" >&2\n    exit 1\nfi\n# This output is used by Xcode 'outputs' to avoid re-running this script phase.\necho \"SUCCESS\" > \"${SCRIPT_OUTPUT_FILE_0}\"\n";
			showEnvVarsInLog = 0;
		};
		821C419F380B9A8F6B9433AE /* [CP] Embed Pods Frameworks */ = {
			isa = PBXShellScriptBuildPhase;
			buildActionMask = 2147483647;
			files = (
			);
			inputFileListPaths = (
				"${PODS_ROOT}/Target Support Files/Pods-RubyConvertApp-RubyConvertAppUITests/Pods-RubyConvertApp-RubyConvertAppUITests-frameworks-${CONFIGURATION}-input-files.xcfilelist",
			);
			name = "[CP] Embed Pods Frameworks";
			outputFileListPaths = (
				"${PODS_ROOT}/Target Support Files/Pods-RubyConvertApp-RubyConvertAppUITests/Pods-RubyConvertApp-RubyConvertAppUITests-frameworks-${CONFIGURATION}-output-files.xcfilelist",
			);
			runOnlyForDeploymentPostprocessing = 0;
			shellPath = /bin/sh;
			shellScript = "\"${PODS_ROOT}/Target Support Files/Pods-RubyConvertApp-RubyConvertAppUITests/Pods-RubyConvertApp-RubyConvertAppUITests-frameworks.sh\"\n";
			showEnvVarsInLog = 0;
		};
		BCCC61F697B7E73DD188B1D8 /* [CP] Embed Pods Frameworks */ = {
			isa = PBXShellScriptBuildPhase;
			buildActionMask = 2147483647;
			files = (
			);
			inputFileListPaths = (
				"${PODS_ROOT}/Target Support Files/Pods-RubyConvertApp/Pods-RubyConvertApp-frameworks-${CONFIGURATION}-input-files.xcfilelist",
			);
			name = "[CP] Embed Pods Frameworks";
			outputFileListPaths = (
				"${PODS_ROOT}/Target Support Files/Pods-RubyConvertApp/Pods-RubyConvertApp-frameworks-${CONFIGURATION}-output-files.xcfilelist",
			);
			runOnlyForDeploymentPostprocessing = 0;
			shellPath = /bin/sh;
			shellScript = "\"${PODS_ROOT}/Target Support Files/Pods-RubyConvertApp/Pods-RubyConvertApp-frameworks.sh\"\n";
			showEnvVarsInLog = 0;
		};
/* End PBXShellScriptBuildPhase section */

/* Begin PBXSourcesBuildPhase section */
		E2319F4723FC769700EAE7C7 /* Sources */ = {
			isa = PBXSourcesBuildPhase;
			buildActionMask = 2147483647;
			files = (
				E2319FAC2401958500EAE7C7 /* ConvertedResult.swift in Sources */,
				E2319F9D23FEE37500EAE7C7 /* GooAPI.swift in Sources */,
				E2319F4F23FC769700EAE7C7 /* AppDelegate.swift in Sources */,
				E2319F5123FC769700EAE7C7 /* SceneDelegate.swift in Sources */,
				E2319FA623FEEA0500EAE7C7 /* GooAPIService.swift in Sources */,
				E2319FA123FEE48E00EAE7C7 /* RubyConvertController.swift in Sources */,
				E2319FA323FEE4D400EAE7C7 /* RubyConvertViewModel.swift in Sources */,
				E2319FAA23FEEC3600EAE7C7 /* RubyConvertView.swift in Sources */,
				E2319F8823FC875F00EAE7C7 /* Constants.swift in Sources */,
			);
			runOnlyForDeploymentPostprocessing = 0;
		};
		E2319F5D23FC769A00EAE7C7 /* Sources */ = {
			isa = PBXSourcesBuildPhase;
			buildActionMask = 2147483647;
			files = (
				E2319F6623FC769A00EAE7C7 /* RubyConvertAppTests.swift in Sources */,
			);
			runOnlyForDeploymentPostprocessing = 0;
		};
		E2319F6823FC769B00EAE7C7 /* Sources */ = {
			isa = PBXSourcesBuildPhase;
			buildActionMask = 2147483647;
			files = (
				E2319F7123FC769B00EAE7C7 /* RubyConvertAppUITests.swift in Sources */,
			);
			runOnlyForDeploymentPostprocessing = 0;
		};
/* End PBXSourcesBuildPhase section */

/* Begin PBXTargetDependency section */
		E2319F6323FC769A00EAE7C7 /* PBXTargetDependency */ = {
			isa = PBXTargetDependency;
			target = E2319F4A23FC769700EAE7C7 /* RubyConvertApp */;
			targetProxy = E2319F6223FC769A00EAE7C7 /* PBXContainerItemProxy */;
		};
		E2319F6E23FC769B00EAE7C7 /* PBXTargetDependency */ = {
			isa = PBXTargetDependency;
			target = E2319F4A23FC769700EAE7C7 /* RubyConvertApp */;
			targetProxy = E2319F6D23FC769B00EAE7C7 /* PBXContainerItemProxy */;
		};
/* End PBXTargetDependency section */

/* Begin PBXVariantGroup section */
		E2319F5923FC769A00EAE7C7 /* LaunchScreen.storyboard */ = {
			isa = PBXVariantGroup;
			children = (
				E2319F5A23FC769A00EAE7C7 /* Base */,
			);
			name = LaunchScreen.storyboard;
			sourceTree = "<group>";
		};
/* End PBXVariantGroup section */

/* Begin XCBuildConfiguration section */
		E2319F7323FC769B00EAE7C7 /* Debug */ = {
			isa = XCBuildConfiguration;
			buildSettings = {
				ALWAYS_SEARCH_USER_PATHS = NO;
				CLANG_ANALYZER_NONNULL = YES;
				CLANG_ANALYZER_NUMBER_OBJECT_CONVERSION = YES_AGGRESSIVE;
				CLANG_CXX_LANGUAGE_STANDARD = "gnu++14";
				CLANG_CXX_LIBRARY = "libc++";
				CLANG_ENABLE_MODULES = YES;
				CLANG_ENABLE_OBJC_ARC = YES;
				CLANG_ENABLE_OBJC_WEAK = YES;
				CLANG_WARN_BLOCK_CAPTURE_AUTORELEASING = YES;
				CLANG_WARN_BOOL_CONVERSION = YES;
				CLANG_WARN_COMMA = YES;
				CLANG_WARN_CONSTANT_CONVERSION = YES;
				CLANG_WARN_DEPRECATED_OBJC_IMPLEMENTATIONS = YES;
				CLANG_WARN_DIRECT_OBJC_ISA_USAGE = YES_ERROR;
				CLANG_WARN_DOCUMENTATION_COMMENTS = YES;
				CLANG_WARN_EMPTY_BODY = YES;
				CLANG_WARN_ENUM_CONVERSION = YES;
				CLANG_WARN_INFINITE_RECURSION = YES;
				CLANG_WARN_INT_CONVERSION = YES;
				CLANG_WARN_NON_LITERAL_NULL_CONVERSION = YES;
				CLANG_WARN_OBJC_IMPLICIT_RETAIN_SELF = YES;
				CLANG_WARN_OBJC_LITERAL_CONVERSION = YES;
				CLANG_WARN_OBJC_ROOT_CLASS = YES_ERROR;
				CLANG_WARN_RANGE_LOOP_ANALYSIS = YES;
				CLANG_WARN_STRICT_PROTOTYPES = YES;
				CLANG_WARN_SUSPICIOUS_MOVE = YES;
				CLANG_WARN_UNGUARDED_AVAILABILITY = YES_AGGRESSIVE;
				CLANG_WARN_UNREACHABLE_CODE = YES;
				CLANG_WARN__DUPLICATE_METHOD_MATCH = YES;
				COPY_PHASE_STRIP = NO;
				DEBUG_INFORMATION_FORMAT = dwarf;
				ENABLE_STRICT_OBJC_MSGSEND = YES;
				ENABLE_TESTABILITY = YES;
				GCC_C_LANGUAGE_STANDARD = gnu11;
				GCC_DYNAMIC_NO_PIC = NO;
				GCC_NO_COMMON_BLOCKS = YES;
				GCC_OPTIMIZATION_LEVEL = 0;
				GCC_PREPROCESSOR_DEFINITIONS = (
					"DEBUG=1",
					"$(inherited)",
				);
				GCC_WARN_64_TO_32_BIT_CONVERSION = YES;
				GCC_WARN_ABOUT_RETURN_TYPE = YES_ERROR;
				GCC_WARN_UNDECLARED_SELECTOR = YES;
				GCC_WARN_UNINITIALIZED_AUTOS = YES_AGGRESSIVE;
				GCC_WARN_UNUSED_FUNCTION = YES;
				GCC_WARN_UNUSED_VARIABLE = YES;
				IPHONEOS_DEPLOYMENT_TARGET = 13.2;
				MTL_ENABLE_DEBUG_INFO = INCLUDE_SOURCE;
				MTL_FAST_MATH = YES;
				ONLY_ACTIVE_ARCH = YES;
				SDKROOT = iphoneos;
				SWIFT_ACTIVE_COMPILATION_CONDITIONS = DEBUG;
				SWIFT_OPTIMIZATION_LEVEL = "-Onone";
			};
			name = Debug;
		};
		E2319F7423FC769B00EAE7C7 /* Release */ = {
			isa = XCBuildConfiguration;
			buildSettings = {
				ALWAYS_SEARCH_USER_PATHS = NO;
				CLANG_ANALYZER_NONNULL = YES;
				CLANG_ANALYZER_NUMBER_OBJECT_CONVERSION = YES_AGGRESSIVE;
				CLANG_CXX_LANGUAGE_STANDARD = "gnu++14";
				CLANG_CXX_LIBRARY = "libc++";
				CLANG_ENABLE_MODULES = YES;
				CLANG_ENABLE_OBJC_ARC = YES;
				CLANG_ENABLE_OBJC_WEAK = YES;
				CLANG_WARN_BLOCK_CAPTURE_AUTORELEASING = YES;
				CLANG_WARN_BOOL_CONVERSION = YES;
				CLANG_WARN_COMMA = YES;
				CLANG_WARN_CONSTANT_CONVERSION = YES;
				CLANG_WARN_DEPRECATED_OBJC_IMPLEMENTATIONS = YES;
				CLANG_WARN_DIRECT_OBJC_ISA_USAGE = YES_ERROR;
				CLANG_WARN_DOCUMENTATION_COMMENTS = YES;
				CLANG_WARN_EMPTY_BODY = YES;
				CLANG_WARN_ENUM_CONVERSION = YES;
				CLANG_WARN_INFINITE_RECURSION = YES;
				CLANG_WARN_INT_CONVERSION = YES;
				CLANG_WARN_NON_LITERAL_NULL_CONVERSION = YES;
				CLANG_WARN_OBJC_IMPLICIT_RETAIN_SELF = YES;
				CLANG_WARN_OBJC_LITERAL_CONVERSION = YES;
				CLANG_WARN_OBJC_ROOT_CLASS = YES_ERROR;
				CLANG_WARN_RANGE_LOOP_ANALYSIS = YES;
				CLANG_WARN_STRICT_PROTOTYPES = YES;
				CLANG_WARN_SUSPICIOUS_MOVE = YES;
				CLANG_WARN_UNGUARDED_AVAILABILITY = YES_AGGRESSIVE;
				CLANG_WARN_UNREACHABLE_CODE = YES;
				CLANG_WARN__DUPLICATE_METHOD_MATCH = YES;
				COPY_PHASE_STRIP = NO;
				DEBUG_INFORMATION_FORMAT = "dwarf-with-dsym";
				ENABLE_NS_ASSERTIONS = NO;
				ENABLE_STRICT_OBJC_MSGSEND = YES;
				GCC_C_LANGUAGE_STANDARD = gnu11;
				GCC_NO_COMMON_BLOCKS = YES;
				GCC_WARN_64_TO_32_BIT_CONVERSION = YES;
				GCC_WARN_ABOUT_RETURN_TYPE = YES_ERROR;
				GCC_WARN_UNDECLARED_SELECTOR = YES;
				GCC_WARN_UNINITIALIZED_AUTOS = YES_AGGRESSIVE;
				GCC_WARN_UNUSED_FUNCTION = YES;
				GCC_WARN_UNUSED_VARIABLE = YES;
				IPHONEOS_DEPLOYMENT_TARGET = 13.2;
				MTL_ENABLE_DEBUG_INFO = NO;
				MTL_FAST_MATH = YES;
				SDKROOT = iphoneos;
				SWIFT_COMPILATION_MODE = wholemodule;
				SWIFT_OPTIMIZATION_LEVEL = "-O";
				VALIDATE_PRODUCT = YES;
			};
			name = Release;
		};
		E2319F7623FC769B00EAE7C7 /* Debug */ = {
			isa = XCBuildConfiguration;
			baseConfigurationReference = E56BDADAFE9E958A0F4AA11C /* Pods-RubyConvertApp.debug.xcconfig */;
			buildSettings = {
				ASSETCATALOG_COMPILER_APPICON_NAME = AppIcon;
				CODE_SIGN_STYLE = Automatic;
				DEVELOPMENT_TEAM = 7978CN5FM3;
				INFOPLIST_FILE = RubyConvertApp/Info.plist;
				LD_RUNPATH_SEARCH_PATHS = (
					"$(inherited)",
					"@executable_path/Frameworks",
				);
				PRODUCT_BUNDLE_IDENTIFIER = muta.RubyConvertApp;
				PRODUCT_NAME = "$(TARGET_NAME)";
				SWIFT_VERSION = 5.0;
				TARGETED_DEVICE_FAMILY = "1,2";
			};
			name = Debug;
		};
		E2319F7723FC769B00EAE7C7 /* Release */ = {
			isa = XCBuildConfiguration;
			baseConfigurationReference = D731EBAA80B0D0696F112EDD /* Pods-RubyConvertApp.release.xcconfig */;
			buildSettings = {
				ASSETCATALOG_COMPILER_APPICON_NAME = AppIcon;
				CODE_SIGN_STYLE = Automatic;
				DEVELOPMENT_TEAM = 7978CN5FM3;
				INFOPLIST_FILE = RubyConvertApp/Info.plist;
				LD_RUNPATH_SEARCH_PATHS = (
					"$(inherited)",
					"@executable_path/Frameworks",
				);
				PRODUCT_BUNDLE_IDENTIFIER = muta.RubyConvertApp;
				PRODUCT_NAME = "$(TARGET_NAME)";
				SWIFT_VERSION = 5.0;
				TARGETED_DEVICE_FAMILY = "1,2";
			};
			name = Release;
		};
		E2319F7923FC769B00EAE7C7 /* Debug */ = {
			isa = XCBuildConfiguration;
			baseConfigurationReference = 5F6F977E40A139856737FC3D /* Pods-RubyConvertAppTests.debug.xcconfig */;
			buildSettings = {
				ALWAYS_EMBED_SWIFT_STANDARD_LIBRARIES = YES;
				BUNDLE_LOADER = "$(TEST_HOST)";
				CODE_SIGN_STYLE = Automatic;
				DEVELOPMENT_TEAM = 7978CN5FM3;
				INFOPLIST_FILE = RubyConvertAppTests/Info.plist;
				IPHONEOS_DEPLOYMENT_TARGET = 13.2;
				LD_RUNPATH_SEARCH_PATHS = (
					"$(inherited)",
					"@executable_path/Frameworks",
					"@loader_path/Frameworks",
				);
				PRODUCT_BUNDLE_IDENTIFIER = muta.RubyConvertAppTests;
				PRODUCT_NAME = "$(TARGET_NAME)";
				SWIFT_VERSION = 5.0;
				TARGETED_DEVICE_FAMILY = "1,2";
				TEST_HOST = "$(BUILT_PRODUCTS_DIR)/RubyConvertApp.app/RubyConvertApp";
			};
			name = Debug;
		};
		E2319F7A23FC769B00EAE7C7 /* Release */ = {
			isa = XCBuildConfiguration;
			baseConfigurationReference = 7B5BA326014803D1B0621619 /* Pods-RubyConvertAppTests.release.xcconfig */;
			buildSettings = {
				ALWAYS_EMBED_SWIFT_STANDARD_LIBRARIES = YES;
				BUNDLE_LOADER = "$(TEST_HOST)";
				CODE_SIGN_STYLE = Automatic;
				DEVELOPMENT_TEAM = 7978CN5FM3;
				INFOPLIST_FILE = RubyConvertAppTests/Info.plist;
				IPHONEOS_DEPLOYMENT_TARGET = 13.2;
				LD_RUNPATH_SEARCH_PATHS = (
					"$(inherited)",
					"@executable_path/Frameworks",
					"@loader_path/Frameworks",
				);
				PRODUCT_BUNDLE_IDENTIFIER = muta.RubyConvertAppTests;
				PRODUCT_NAME = "$(TARGET_NAME)";
				SWIFT_VERSION = 5.0;
				TARGETED_DEVICE_FAMILY = "1,2";
				TEST_HOST = "$(BUILT_PRODUCTS_DIR)/RubyConvertApp.app/RubyConvertApp";
			};
			name = Release;
		};
		E2319F7C23FC769B00EAE7C7 /* Debug */ = {
			isa = XCBuildConfiguration;
			baseConfigurationReference = 19E8772DB740E6919DEB56AA /* Pods-RubyConvertApp-RubyConvertAppUITests.debug.xcconfig */;
			buildSettings = {
				ALWAYS_EMBED_SWIFT_STANDARD_LIBRARIES = YES;
				CODE_SIGN_STYLE = Automatic;
				DEVELOPMENT_TEAM = 7978CN5FM3;
				INFOPLIST_FILE = RubyConvertAppUITests/Info.plist;
				LD_RUNPATH_SEARCH_PATHS = (
					"$(inherited)",
					"@executable_path/Frameworks",
					"@loader_path/Frameworks",
				);
				PRODUCT_BUNDLE_IDENTIFIER = muta.RubyConvertAppUITests;
				PRODUCT_NAME = "$(TARGET_NAME)";
				SWIFT_VERSION = 5.0;
				TARGETED_DEVICE_FAMILY = "1,2";
				TEST_TARGET_NAME = RubyConvertApp;
			};
			name = Debug;
		};
		E2319F7D23FC769B00EAE7C7 /* Release */ = {
			isa = XCBuildConfiguration;
			baseConfigurationReference = 1915189654AACE2FF3B7681C /* Pods-RubyConvertApp-RubyConvertAppUITests.release.xcconfig */;
			buildSettings = {
				ALWAYS_EMBED_SWIFT_STANDARD_LIBRARIES = YES;
				CODE_SIGN_STYLE = Automatic;
				DEVELOPMENT_TEAM = 7978CN5FM3;
				INFOPLIST_FILE = RubyConvertAppUITests/Info.plist;
				LD_RUNPATH_SEARCH_PATHS = (
					"$(inherited)",
					"@executable_path/Frameworks",
					"@loader_path/Frameworks",
				);
				PRODUCT_BUNDLE_IDENTIFIER = muta.RubyConvertAppUITests;
				PRODUCT_NAME = "$(TARGET_NAME)";
				SWIFT_VERSION = 5.0;
				TARGETED_DEVICE_FAMILY = "1,2";
				TEST_TARGET_NAME = RubyConvertApp;
			};
			name = Release;
		};
/* End XCBuildConfiguration section */

/* Begin XCConfigurationList section */
		E2319F4623FC769700EAE7C7 /* Build configuration list for PBXProject "RubyConvertApp" */ = {
			isa = XCConfigurationList;
			buildConfigurations = (
				E2319F7323FC769B00EAE7C7 /* Debug */,
				E2319F7423FC769B00EAE7C7 /* Release */,
			);
			defaultConfigurationIsVisible = 0;
			defaultConfigurationName = Release;
		};
		E2319F7523FC769B00EAE7C7 /* Build configuration list for PBXNativeTarget "RubyConvertApp" */ = {
			isa = XCConfigurationList;
			buildConfigurations = (
				E2319F7623FC769B00EAE7C7 /* Debug */,
				E2319F7723FC769B00EAE7C7 /* Release */,
			);
			defaultConfigurationIsVisible = 0;
			defaultConfigurationName = Release;
		};
		E2319F7823FC769B00EAE7C7 /* Build configuration list for PBXNativeTarget "RubyConvertAppTests" */ = {
			isa = XCConfigurationList;
			buildConfigurations = (
				E2319F7923FC769B00EAE7C7 /* Debug */,
				E2319F7A23FC769B00EAE7C7 /* Release */,
			);
			defaultConfigurationIsVisible = 0;
			defaultConfigurationName = Release;
		};
		E2319F7B23FC769B00EAE7C7 /* Build configuration list for PBXNativeTarget "RubyConvertAppUITests" */ = {
			isa = XCConfigurationList;
			buildConfigurations = (
				E2319F7C23FC769B00EAE7C7 /* Debug */,
				E2319F7D23FC769B00EAE7C7 /* Release */,
			);
			defaultConfigurationIsVisible = 0;
			defaultConfigurationName = Release;
		};
/* End XCConfigurationList section */
	};
	rootObject = E2319F4323FC769700EAE7C7 /* Project object */;
}
